{
  "projects": [
    {
      "projectId": "5oejVTGR6fGdjF61wkkGLj",
      "version": "latest",
      "dependencies": {},
      "lang": "ts",
      "fileLocks": [
        {
          "type": "globalVariant",
          "assetId": "s6Og-aVVLpLI",
          "checksum": "1cf147601caaa726daaa9b9b5a6479b5"
        },
        {
          "assetId": "5oejVTGR6fGdjF61wkkGLj",
          "type": "projectCss",
          "checksum": "7b749782928aa2dfb1786ac06b071f5e"
        },
        {
          "type": "renderModule",
          "assetId": "iaimKCSaJQzX",
          "checksum": "1538ad92c6050438f59b20747686963b"
        },
        {
          "type": "cssRules",
          "assetId": "iaimKCSaJQzX",
          "checksum": "1538ad92c6050438f59b20747686963b"
        },
        {
          "type": "renderModule",
          "assetId": "YZfod5k4_n_I",
          "checksum": "5406acbfb83252b6320a8d7fd08c1159"
        },
        {
          "type": "cssRules",
          "assetId": "YZfod5k4_n_I",
          "checksum": "5406acbfb83252b6320a8d7fd08c1159"
        },
        {
          "type": "icon",
          "assetId": "zdEzcvnA8Nio",
          "checksum": "f29eced0ae3ea063b725a93ef991f282"
        },
        {
          "type": "icon",
          "assetId": "SOdiGf5_2Kiv",
          "checksum": "b7e63979bf8782f7e71152b515e1bc0b"
        }
      ],
      "codegenVersion": "0.0.1"
    }
  ],
  "cliVersion": "0.1.330"
}
