{
  "projects": [
    {
      "projectId": "5oejVTGR6fGdjF61wkkGLj",
      "version": "latest",
      "dependencies": {},
      "lang": "ts",
      "fileLocks": [
        {
          "type": "globalVariant",
          "assetId": "s6Og-aVVLpLI",
          "checksum": "1cf147601caaa726daaa9b9b5a6479b5"
        },
        {
          "type": "renderModule",
          "assetId": "iaimKCSaJQzX",
          "checksum": "4e786946d4aa789502b3cbbf40372fe3"
        },
        {
          "type": "cssRules",
          "assetId": "iaimKCSaJQzX",
          "checksum": "4e786946d4aa789502b3cbbf40372fe3"
        },
        {
          "type": "renderModule",
          "assetId": "YZfod5k4_n_I",
          "checksum": "5406acbfb83252b6320a8d7fd08c1159"
        },
        {
          "type": "cssRules",
          "assetId": "YZfod5k4_n_I",
          "checksum": "5406acbfb83252b6320a8d7fd08c1159"
        },
        {
          "type": "icon",
          "assetId": "zdEzcvnA8Nio",
          "checksum": "f29eced0ae3ea063b725a93ef991f282"
        },
        {
          "type": "icon",
          "assetId": "SOdiGf5_2Kiv",
          "checksum": "b7e63979bf8782f7e71152b515e1bc0b"
        },
        {
          "assetId": "5oejVTGR6fGdjF61wkkGLj",
          "type": "projectCss",
          "checksum": "fa9987e27641c91926c911b25dd0c5de"
        },
        {
          "assetId": "5oejVTGR6fGdjF61wkkGLj",
          "checksum": "49c4ebdda725ad379bdc4205ee97b3d7",
          "type": "globalContexts"
        },
        {
          "type": "icon",
          "assetId": "iMdzCwXJp6vj",
          "checksum": "c650143357518b3932116c28bcae7410"
        }
      ],
      "codegenVersion": "0.0.1"
    }
  ],
  "cliVersion": "0.1.330"
}
